// !$*UTF8*$!
{
	archiveVersion = 1;
	classes = {
	};
	objectVersion = 50;
	objects = {

/* Begin PBXBuildFile section */
		172D496A276776F6009A1929 /* AppDelegate.swift in Sources */ = {isa = PBXBuildFile; fileRef = 172D4969276776F6009A1929 /* AppDelegate.swift */; };
		172D496C276776F6009A1929 /* SceneDelegate.swift in Sources */ = {isa = PBXBuildFile; fileRef = 172D496B276776F6009A1929 /* SceneDelegate.swift */; };
		172D496E276776F6009A1929 /* ViewController.swift in Sources */ = {isa = PBXBuildFile; fileRef = 172D496D276776F6009A1929 /* ViewController.swift */; };
		172D4971276776F6009A1929 /* Main.storyboard in Resources */ = {isa = PBXBuildFile; fileRef = 172D496F276776F6009A1929 /* Main.storyboard */; };
		172D4974276776F6009A1929 /* reuseCodeLibrary.xcdatamodeld in Sources */ = {isa = PBXBuildFile; fileRef = 172D4972276776F6009A1929 /* reuseCodeLibrary.xcdatamodeld */; };
		172D4976276776FC009A1929 /* Assets.xcassets in Resources */ = {isa = PBXBuildFile; fileRef = 172D4975276776FC009A1929 /* Assets.xcassets */; };
		172D4979276776FC009A1929 /* LaunchScreen.storyboard in Resources */ = {isa = PBXBuildFile; fileRef = 172D4977276776FC009A1929 /* LaunchScreen.storyboard */; };
/* End PBXBuildFile section */

/* Begin PBXFileReference section */
		172D4966276776F6009A1929 /* reuseCodeLibrary.app */ = {isa = PBXFileReference; explicitFileType = wrapper.application; includeInIndex = 0; path = reuseCodeLibrary.app; sourceTree = BUILT_PRODUCTS_DIR; };
		172D4969276776F6009A1929 /* AppDelegate.swift */ = {isa = PBXFileReference; lastKnownFileType = sourcecode.swift; path = AppDelegate.swift; sourceTree = "<group>"; };
		172D496B276776F6009A1929 /* SceneDelegate.swift */ = {isa = PBXFileReference; lastKnownFileType = sourcecode.swift; path = SceneDelegate.swift; sourceTree = "<group>"; };
		172D496D276776F6009A1929 /* ViewController.swift */ = {isa = PBXFileReference; lastKnownFileType = sourcecode.swift; path = ViewController.swift; sourceTree = "<group>"; };
		172D4970276776F6009A1929 /* Base */ = {isa = PBXFileReference; lastKnownFileType = file.storyboard; name = Base; path = Base.lproj/Main.storyboard; sourceTree = "<group>"; };
		172D4973276776F6009A1929 /* reuseCodeLibrary.xcdatamodel */ = {isa = PBXFileReference; lastKnownFileType = wrapper.xcdatamodel; path = reuseCodeLibrary.xcdatamodel; sourceTree = "<group>"; };
		172D4975276776FC009A1929 /* Assets.xcassets */ = {isa = PBXFileReference; lastKnownFileType = folder.assetcatalog; path = Assets.xcassets; sourceTree = "<group>"; };
		172D4978276776FC009A1929 /* Base */ = {isa = PBXFileReference; lastKnownFileType = file.storyboard; name = Base; path = Base.lproj/LaunchScreen.storyboard; sourceTree = "<group>"; };
		172D497A276776FC009A1929 /* Info.plist */ = {isa = PBXFileReference; lastKnownFileType = text.plist.xml; path = Info.plist; sourceTree = "<group>"; };
/* End PBXFileReference section */

/* Begin PBXFrameworksBuildPhase section */
		172D4963276776F6009A1929 /* Frameworks */ = {
			isa = PBXFrameworksBuildPhase;
			buildActionMask = 2147483647;
			files = (
			);
			runOnlyForDeploymentPostprocessing = 0;
		};
/* End PBXFrameworksBuildPhase section */

/* Begin PBXGroup section */
		172D495D276776F6009A1929 = {
			isa = PBXGroup;
			children = (
				172D4968276776F6009A1929 /* reuseCodeLibrary */,
				172D4967276776F6009A1929 /* Products */,
			);
			sourceTree = "<group>";
		};
		172D4967276776F6009A1929 /* Products */ = {
			isa = PBXGroup;
			children = (
				172D4966276776F6009A1929 /* reuseCodeLibrary.app */,
			);
			name = Products;
			sourceTree = "<group>";
		};
		172D4968276776F6009A1929 /* reuseCodeLibrary */ = {
			isa = PBXGroup;
			children = (
				172D4969276776F6009A1929 /* AppDelegate.swift */,
				172D496B276776F6009A1929 /* SceneDelegate.swift */,
				172D496D276776F6009A1929 /* ViewController.swift */,
				172D496F276776F6009A1929 /* Main.storyboard */,
				172D4975276776FC009A1929 /* Assets.xcassets */,
				172D4977276776FC009A1929 /* LaunchScreen.storyboard */,
				172D497A276776FC009A1929 /* Info.plist */,
				172D4972276776F6009A1929 /* reuseCodeLibrary.xcdatamodeld */,
			);
			path = reuseCodeLibrary;
			sourceTree = "<group>";
		};
/* End PBXGroup section */

/* Begin PBXNativeTarget section */
		172D4965276776F6009A1929 /* reuseCodeLibrary */ = {
			isa = PBXNativeTarget;
			buildConfigurationList = 172D497D276776FC009A1929 /* Build configuration list for PBXNativeTarget "reuseCodeLibrary" */;
			buildPhases = (
				172D4962276776F6009A1929 /* Sources */,
				172D4963276776F6009A1929 /* Frameworks */,
				172D4964276776F6009A1929 /* Resources */,
			);
			buildRules = (
			);
			dependencies = (
			);
			name = reuseCodeLibrary;
			productName = reuseCodeLibrary;
			productReference = 172D4966276776F6009A1929 /* reuseCodeLibrary.app */;
			productType = "com.apple.product-type.application";
		};
/* End PBXNativeTarget section */

/* Begin PBXProject section */
		172D495E276776F6009A1929 /* Project object */ = {
			isa = PBXProject;
			attributes = {
				LastSwiftUpdateCheck = 1100;
				LastUpgradeCheck = 1100;
				ORGANIZATIONNAME = roman.pronskiy;
				TargetAttributes = {
					172D4965276776F6009A1929 = {
						CreatedOnToolsVersion = 11.0;
					};
				};
			};
			buildConfigurationList = 172D4961276776F6009A1929 /* Build configuration list for PBXProject "reuseCodeLibrary" */;
			compatibilityVersion = "Xcode 9.3";
			developmentRegion = en;
			hasScannedForEncodings = 0;
			knownRegions = (
				en,
				Base,
			);
			mainGroup = 172D495D276776F6009A1929;
			productRefGroup = 172D4967276776F6009A1929 /* Products */;
			projectDirPath = "";
			projectRoot = "";
			targets = (
				172D4965276776F6009A1929 /* reuseCodeLibrary */,
			);
		};
/* End PBXProject section */

/* Begin PBXResourcesBuildPhase section */
		172D4964276776F6009A1929 /* Resources */ = {
			isa = PBXResourcesBuildPhase;
			buildActionMask = 2147483647;
			files = (
				172D4979276776FC009A1929 /* LaunchScreen.storyboard in Resources */,
				172D4976276776FC009A1929 /* Assets.xcassets in Resources */,
				172D4971276776F6009A1929 /* Main.storyboard in Resources */,
			);
			runOnlyForDeploymentPostprocessing = 0;
		};
/* End PBXResourcesBuildPhase section */

/* Begin PBXSourcesBuildPhase section */
		172D4962276776F6009A1929 /* Sources */ = {
			isa = PBXSourcesBuildPhase;
			buildActionMask = 2147483647;
			files = (
				172D496E276776F6009A1929 /* ViewController.swift in Sources */,
				172D4974276776F6009A1929 /* reuseCodeLibrary.xcdatamodeld in Sources */,
				172D496A276776F6009A1929 /* AppDelegate.swift in Sources */,
				172D496C276776F6009A1929 /* SceneDelegate.swift in Sources */,
			);
			runOnlyForDeploymentPostprocessing = 0;
		};
/* End PBXSourcesBuildPhase section */

/* Begin PBXVariantGroup section */
		172D496F276776F6009A1929 /* Main.storyboard */ = {
			isa = PBXVariantGroup;
			children = (
				172D4970276776F6009A1929 /* Base */,
			);
			name = Main.storyboard;
			sourceTree = "<group>";
		};
		172D4977276776FC009A1929 /* LaunchScreen.storyboard */ = {
			isa = PBXVariantGroup;
			children = (
				172D4978276776FC009A1929 /* Base */,
			);
			name = LaunchScreen.storyboard;
			sourceTree = "<group>";
		};
/* End PBXVariantGroup section */

/* Begin XCBuildConfiguration section */
		172D497B276776FC009A1929 /* Debug */ = {
			isa = XCBuildConfiguration;
			buildSettings = {
				ALWAYS_SEARCH_USER_PATHS = NO;
				CLANG_ANALYZER_NONNULL = YES;
				CLANG_ANALYZER_NUMBER_OBJECT_CONVERSION = YES_AGGRESSIVE;
				CLANG_CXX_LANGUAGE_STANDARD = "gnu++14";
				CLANG_CXX_LIBRARY = "libc++";
				CLANG_ENABLE_MODULES = YES;
				CLANG_ENABLE_OBJC_ARC = YES;
				CLANG_ENABLE_OBJC_WEAK = YES;
				CLANG_WARN_BLOCK_CAPTURE_AUTORELEASING = YES;
				CLANG_WARN_BOOL_CONVERSION = YES;
				CLANG_WARN_COMMA = YES;
				CLANG_WARN_CONSTANT_CONVERSION = YES;
				CLANG_WARN_DEPRECATED_OBJC_IMPLEMENTATIONS = YES;
				CLANG_WARN_DIRECT_OBJC_ISA_USAGE = YES_ERROR;
				CLANG_WARN_DOCUMENTATION_COMMENTS = YES;
				CLANG_WARN_EMPTY_BODY = YES;
				CLANG_WARN_ENUM_CONVERSION = YES;
				CLANG_WARN_INFINITE_RECURSION = YES;
				CLANG_WARN_INT_CONVERSION = YES;
				CLANG_WARN_NON_LITERAL_NULL_CONVERSION = YES;
				CLANG_WARN_OBJC_IMPLICIT_RETAIN_SELF = YES;
				CLANG_WARN_OBJC_LITERAL_CONVERSION = YES;
				CLANG_WARN_OBJC_ROOT_CLASS = YES_ERROR;
				CLANG_WARN_RANGE_LOOP_ANALYSIS = YES;
				CLANG_WARN_STRICT_PROTOTYPES = YES;
				CLANG_WARN_SUSPICIOUS_MOVE = YES;
				CLANG_WARN_UNGUARDED_AVAILABILITY = YES_AGGRESSIVE;
				CLANG_WARN_UNREACHABLE_CODE = YES;
				CLANG_WARN__DUPLICATE_METHOD_MATCH = YES;
				COPY_PHASE_STRIP = NO;
				DEBUG_INFORMATION_FORMAT = dwarf;
				ENABLE_STRICT_OBJC_MSGSEND = YES;
				ENABLE_TESTABILITY = YES;
				GCC_C_LANGUAGE_STANDARD = gnu11;
				GCC_DYNAMIC_NO_PIC = NO;
				GCC_NO_COMMON_BLOCKS = YES;
				GCC_OPTIMIZATION_LEVEL = 0;
				GCC_PREPROCESSOR_DEFINITIONS = (
					"DEBUG=1",
					"$(inherited)",
				);
				GCC_WARN_64_TO_32_BIT_CONVERSION = YES;
				GCC_WARN_ABOUT_RETURN_TYPE = YES_ERROR;
				GCC_WARN_UNDECLARED_SELECTOR = YES;
				GCC_WARN_UNINITIALIZED_AUTOS = YES_AGGRESSIVE;
				GCC_WARN_UNUSED_FUNCTION = YES;
				GCC_WARN_UNUSED_VARIABLE = YES;
				IPHONEOS_DEPLOYMENT_TARGET = 13.0;
				MTL_ENABLE_DEBUG_INFO = INCLUDE_SOURCE;
				MTL_FAST_MATH = YES;
				ONLY_ACTIVE_ARCH = YES;
				SDKROOT = iphoneos;
				SWIFT_ACTIVE_COMPILATION_CONDITIONS = DEBUG;
				SWIFT_OPTIMIZATION_LEVEL = "-Onone";
			};
			name = Debug;
		};
		172D497C276776FC009A1929 /* Release */ = {
			isa = XCBuildConfiguration;
			buildSettings = {
				ALWAYS_SEARCH_USER_PATHS = NO;
				CLANG_ANALYZER_NONNULL = YES;
				CLANG_ANALYZER_NUMBER_OBJECT_CONVERSION = YES_AGGRESSIVE;
				CLANG_CXX_LANGUAGE_STANDARD = "gnu++14";
				CLANG_CXX_LIBRARY = "libc++";
				CLANG_ENABLE_MODULES = YES;
				CLANG_ENABLE_OBJC_ARC = YES;
				CLANG_ENABLE_OBJC_WEAK = YES;
				CLANG_WARN_BLOCK_CAPTURE_AUTORELEASING = YES;
				CLANG_WARN_BOOL_CONVERSION = YES;
				CLANG_WARN_COMMA = YES;
				CLANG_WARN_CONSTANT_CONVERSION = YES;
				CLANG_WARN_DEPRECATED_OBJC_IMPLEMENTATIONS = YES;
				CLANG_WARN_DIRECT_OBJC_ISA_USAGE = YES_ERROR;
				CLANG_WARN_DOCUMENTATION_COMMENTS = YES;
				CLANG_WARN_EMPTY_BODY = YES;
				CLANG_WARN_ENUM_CONVERSION = YES;
				CLANG_WARN_INFINITE_RECURSION = YES;
				CLANG_WARN_INT_CONVERSION = YES;
				CLANG_WARN_NON_LITERAL_NULL_CONVERSION = YES;
				CLANG_WARN_OBJC_IMPLICIT_RETAIN_SELF = YES;
				CLANG_WARN_OBJC_LITERAL_CONVERSION = YES;
				CLANG_WARN_OBJC_ROOT_CLASS = YES_ERROR;
				CLANG_WARN_RANGE_LOOP_ANALYSIS = YES;
				CLANG_WARN_STRICT_PROTOTYPES = YES;
				CLANG_WARN_SUSPICIOUS_MOVE = YES;
				CLANG_WARN_UNGUARDED_AVAILABILITY = YES_AGGRESSIVE;
				CLANG_WARN_UNREACHABLE_CODE = YES;
				CLANG_WARN__DUPLICATE_METHOD_MATCH = YES;
				COPY_PHASE_STRIP = NO;
				DEBUG_INFORMATION_FORMAT = "dwarf-with-dsym";
				ENABLE_NS_ASSERTIONS = NO;
				ENABLE_STRICT_OBJC_MSGSEND = YES;
				GCC_C_LANGUAGE_STANDARD = gnu11;
				GCC_NO_COMMON_BLOCKS = YES;
				GCC_WARN_64_TO_32_BIT_CONVERSION = YES;
				GCC_WARN_ABOUT_RETURN_TYPE = YES_ERROR;
				GCC_WARN_UNDECLARED_SELECTOR = YES;
				GCC_WARN_UNINITIALIZED_AUTOS = YES_AGGRESSIVE;
				GCC_WARN_UNUSED_FUNCTION = YES;
				GCC_WARN_UNUSED_VARIABLE = YES;
				IPHONEOS_DEPLOYMENT_TARGET = 13.0;
				MTL_ENABLE_DEBUG_INFO = NO;
				MTL_FAST_MATH = YES;
				SDKROOT = iphoneos;
				SWIFT_COMPILATION_MODE = wholemodule;
				SWIFT_OPTIMIZATION_LEVEL = "-O";
				VALIDATE_PRODUCT = YES;
			};
			name = Release;
		};
		172D497E276776FC009A1929 /* Debug */ = {
			isa = XCBuildConfiguration;
			buildSettings = {
				ASSETCATALOG_COMPILER_APPICON_NAME = AppIcon;
				CODE_SIGN_STYLE = Automatic;
				INFOPLIST_FILE = reuseCodeLibrary/Info.plist;
				LD_RUNPATH_SEARCH_PATHS = (
					"$(inherited)",
					"@executable_path/Frameworks",
				);
				PRODUCT_BUNDLE_IDENTIFIER = roman.pronskiy.reuseCodeLibrary;
				PRODUCT_NAME = "$(TARGET_NAME)";
				SWIFT_VERSION = 5.0;
				TARGETED_DEVICE_FAMILY = "1,2";
			};
			name = Debug;
		};
		172D497F276776FC009A1929 /* Release */ = {
			isa = XCBuildConfiguration;
			buildSettings = {
				ASSETCATALOG_COMPILER_APPICON_NAME = AppIcon;
				CODE_SIGN_STYLE = Automatic;
				INFOPLIST_FILE = reuseCodeLibrary/Info.plist;
				LD_RUNPATH_SEARCH_PATHS = (
					"$(inherited)",
					"@executable_path/Frameworks",
				);
				PRODUCT_BUNDLE_IDENTIFIER = roman.pronskiy.reuseCodeLibrary;
				PRODUCT_NAME = "$(TARGET_NAME)";
				SWIFT_VERSION = 5.0;
				TARGETED_DEVICE_FAMILY = "1,2";
			};
			name = Release;
		};
/* End XCBuildConfiguration section */

/* Begin XCConfigurationList section */
		172D4961276776F6009A1929 /* Build configuration list for PBXProject "reuseCodeLibrary" */ = {
			isa = XCConfigurationList;
			buildConfigurations = (
				172D497B276776FC009A1929 /* Debug */,
				172D497C276776FC009A1929 /* Release */,
			);
			defaultConfigurationIsVisible = 0;
			defaultConfigurationName = Release;
		};
		172D497D276776FC009A1929 /* Build configuration list for PBXNativeTarget "reuseCodeLibrary" */ = {
			isa = XCConfigurationList;
			buildConfigurations = (
				172D497E276776FC009A1929 /* Debug */,
				172D497F276776FC009A1929 /* Release */,
			);
			defaultConfigurationIsVisible = 0;
			defaultConfigurationName = Release;
		};
/* End XCConfigurationList section */

/* Begin XCVersionGroup section */
		172D4972276776F6009A1929 /* reuseCodeLibrary.xcdatamodeld */ = {
			isa = XCVersionGroup;
			children = (
				172D4973276776F6009A1929 /* reuseCodeLibrary.xcdatamodel */,
			);
			currentVersion = 172D4973276776F6009A1929 /* reuseCodeLibrary.xcdatamodel */;
			path = reuseCodeLibrary.xcdatamodeld;
			sourceTree = "<group>";
			versionGroupType = wrapper.xcdatamodel;
		};
/* End XCVersionGroup section */
	};
	rootObject = 172D495E276776F6009A1929 /* Project object */;
}
